
Microsoft Visual Studio Solution File, Format Version 12.00
# Visual Studio Version 17
VisualStudioVersion = 17.5.002.0
MinimumVisualStudioVersion = 10.0.40219.1
Project("{9A19103F-16F7-4668-BE54-9A1E7A4F7556}") = "TodoApi", "TodoApi.csproj", "{6B759F4E-9E80-4C7F-A4B7-315EE99B027C}"
EndProject
Global
	GlobalSection(SolutionConfigurationPlatforms) = preSolution
		Debug|Any CPU = Debug|Any CPU
		Release|Any CPU = Release|Any CPU
	EndGlobalSection
	GlobalSection(ProjectConfigurationPlatforms) = postSolution
		{6B759F4E-9E80-4C7F-A4B7-315EE99B027C}.Debug|Any CPU.ActiveCfg = Debug|Any CPU
		{6B759F4E-9E80-4C7F-A4B7-315EE99B027C}.Debug|Any CPU.Build.0 = Debug|Any CPU
		{6B759F4E-9E80-4C7F-A4B7-315EE99B027C}.Release|Any CPU.ActiveCfg = Release|Any CPU
		{6B759F4E-9E80-4C7F-A4B7-315EE99B027C}.Release|Any CPU.Build.0 = Release|Any CPU
	EndGlobalSection
	GlobalSection(SolutionProperties) = preSolution
		HideSolutionNode = FALSE
	EndGlobalSection
	GlobalSection(ExtensibilityGlobals) = postSolution
		SolutionGuid = {CF97DDEF-5774-452A-9DE2-C66390AA10B4}
	EndGlobalSection
EndGlobal
